
Microsoft Visual Studio Solution File, Format Version 12.00
# Visual Studio Version 17
VisualStudioVersion = 17.8.34330.188
MinimumVisualStudioVersion = 10.0.40219.1
Project("{9A19103F-16F7-4668-BE54-9A1E7A4F7556}") = "UTCClassSupport.API", "UTCClassSupport.API\UTCClassSupport.API.csproj", "{A7EA52A8-E218-4102-A2DF-77E9A0104665}"
EndProject
Project("{FAE04EC0-301F-11D3-BF4B-00C04F79EFBC}") = "UTCClassSupport.ChatAPI", "UTCClassSupport.ChatAPI\UTCClassSupport.ChatAPI.csproj", "{F5F304C6-469B-4F94-A797-3BB4A1999B4D}"
EndProject
Global
	GlobalSection(SolutionConfigurationPlatforms) = preSolution
		Debug|Any CPU = Debug|Any CPU
		Release|Any CPU = Release|Any CPU
	EndGlobalSection
	GlobalSection(ProjectConfigurationPlatforms) = postSolution
		{A7EA52A8-E218-4102-A2DF-77E9A0104665}.Debug|Any CPU.ActiveCfg = Debug|Any CPU
		{A7EA52A8-E218-4102-A2DF-77E9A0104665}.Debug|Any CPU.Build.0 = Debug|Any CPU
		{A7EA52A8-E218-4102-A2DF-77E9A0104665}.Release|Any CPU.ActiveCfg = Release|Any CPU
		{A7EA52A8-E218-4102-A2DF-77E9A0104665}.Release|Any CPU.Build.0 = Release|Any CPU
		{F5F304C6-469B-4F94-A797-3BB4A1999B4D}.Debug|Any CPU.ActiveCfg = Debug|Any CPU
		{F5F304C6-469B-4F94-A797-3BB4A1999B4D}.Debug|Any CPU.Build.0 = Debug|Any CPU
		{F5F304C6-469B-4F94-A797-3BB4A1999B4D}.Release|Any CPU.ActiveCfg = Release|Any CPU
		{F5F304C6-469B-4F94-A797-3BB4A1999B4D}.Release|Any CPU.Build.0 = Release|Any CPU
	EndGlobalSection
	GlobalSection(SolutionProperties) = preSolution
		HideSolutionNode = FALSE
	EndGlobalSection
	GlobalSection(ExtensibilityGlobals) = postSolution
		SolutionGuid = {3761C664-3728-47D1-AB69-FDC6A62311A1}
	EndGlobalSection
EndGlobal
